
Microsoft Visual Studio Solution File, Format Version 12.00
# Visual Studio Version 17
VisualStudioVersion = 17.4.33122.133
MinimumVisualStudioVersion = 10.0.40219.1
Project("{FAE04EC0-301F-11D3-BF4B-00C04F79EFBC}") = "LoginUnisurl", "LoginUnisurl.csproj", "{7A9A145D-4B54-4AF8-B99C-C0DA608A61DC}"
EndProject
Global
	GlobalSection(SolutionConfigurationPlatforms) = preSolution
		Debug|Any CPU = Debug|Any CPU
		Release|Any CPU = Release|Any CPU
	EndGlobalSection
	GlobalSection(ProjectConfigurationPlatforms) = postSolution
		{7A9A145D-4B54-4AF8-B99C-C0DA608A61DC}.Debug|Any CPU.ActiveCfg = Debug|Any CPU
		{7A9A145D-4B54-4AF8-B99C-C0DA608A61DC}.Debug|Any CPU.Build.0 = Debug|Any CPU
		{7A9A145D-4B54-4AF8-B99C-C0DA608A61DC}.Release|Any CPU.ActiveCfg = Release|Any CPU
		{7A9A145D-4B54-4AF8-B99C-C0DA608A61DC}.Release|Any CPU.Build.0 = Release|Any CPU
	EndGlobalSection
	GlobalSection(SolutionProperties) = preSolution
		HideSolutionNode = FALSE
	EndGlobalSection
	GlobalSection(ExtensibilityGlobals) = postSolution
		SolutionGuid = {6E9F262C-9269-45EC-A6B3-4797680FCA44}
	EndGlobalSection
EndGlobal
